
Microsoft Visual Studio Solution File, Format Version 12.00
# Visual Studio Version 16
VisualStudioVersion = 16.0.30717.126
MinimumVisualStudioVersion = 10.0.40219.1
Project("{FAE04EC0-301F-11D3-BF4B-00C04F79EFBC}") = "LookupConnection", "LookupConnection\LookupConnection.csproj", "{8D1F675F-F13E-4ECB-BD2B-2762F02F41CF}"
EndProject
Global
	GlobalSection(SolutionConfigurationPlatforms) = preSolution
		Debug|Any CPU = Debug|Any CPU
		Release|Any CPU = Release|Any CPU
	EndGlobalSection
	GlobalSection(ProjectConfigurationPlatforms) = postSolution
		{8D1F675F-F13E-4ECB-BD2B-2762F02F41CF}.Debug|Any CPU.ActiveCfg = Debug|Any CPU
		{8D1F675F-F13E-4ECB-BD2B-2762F02F41CF}.Debug|Any CPU.Build.0 = Debug|Any CPU
		{8D1F675F-F13E-4ECB-BD2B-2762F02F41CF}.Release|Any CPU.ActiveCfg = Release|Any CPU
		{8D1F675F-F13E-4ECB-BD2B-2762F02F41CF}.Release|Any CPU.Build.0 = Release|Any CPU
	EndGlobalSection
	GlobalSection(SolutionProperties) = preSolution
		HideSolutionNode = FALSE
	EndGlobalSection
	GlobalSection(ExtensibilityGlobals) = postSolution
		SolutionGuid = {E9340B93-BC9A-4FC0-99C4-2E46951194E0}
	EndGlobalSection
EndGlobal
